
Microsoft Visual Studio Solution File, Format Version 12.00
# Visual Studio Version 17
VisualStudioVersion = 17.5.33103.201
MinimumVisualStudioVersion = 10.0.40219.1
Project("{FAE04EC0-301F-11D3-BF4B-00C04F79EFBC}") = "DevTrust", "DevTrust\DevTrust.csproj", "{95515776-85F1-4B62-9506-1243D6A1658D}"
EndProject
Global
	GlobalSection(SolutionConfigurationPlatforms) = preSolution
		Debug|Any CPU = Debug|Any CPU
		Release|Any CPU = Release|Any CPU
	EndGlobalSection
	GlobalSection(ProjectConfigurationPlatforms) = postSolution
		{95515776-85F1-4B62-9506-1243D6A1658D}.Debug|Any CPU.ActiveCfg = Debug|Any CPU
		{95515776-85F1-4B62-9506-1243D6A1658D}.Debug|Any CPU.Build.0 = Debug|Any CPU
		{95515776-85F1-4B62-9506-1243D6A1658D}.Release|Any CPU.ActiveCfg = Release|Any CPU
		{95515776-85F1-4B62-9506-1243D6A1658D}.Release|Any CPU.Build.0 = Release|Any CPU
	EndGlobalSection
	GlobalSection(SolutionProperties) = preSolution
		HideSolutionNode = FALSE
	EndGlobalSection
	GlobalSection(ExtensibilityGlobals) = postSolution
		SolutionGuid = {7A7C6C4E-F5A2-4752-8CC4-4D3D60463B5E}
	EndGlobalSection
EndGlobal
